github.com/golang/protobuf v1.3.1 h1:YF8+flBXS5eO826T4nzqPrxfhQThhXl0YzfuUPu4SBg=
github.com/golang/protobuf v1.3.1/go.mod h1:6lQm79b+lXiMfvg/cZm0SGofjICqVBUtrP5yJMmIC1U=
github.com/mailgun/groupcache v1.3.0 h1:qie8iED3OIo2ICCbYx9vZybsVUGBJdZkroidGfao7q4=
github.com/mailgun/groupcache v1.3.0/go.mod h1:IC2jAVGyQ4t9S8D1Hsul0zMWkMDuVR8N/Cex7bgCvNg=
github.com/patrickmn/go-cache v2.1.0+incompatible h1:HRMgzkcYKYpi3C8ajMPV8OFXaaRUnok+kx1WdO15EQc=
github.com/patrickmn/go-cache v2.1.0+incompatible/go.mod h1:3Qf8kWWT7OJRJbdiICTKqZju1ZixQ/KpMGzzAfe6+WQ=
